// !$*UTF8*$!
{
	archiveVersion = 1;
	classes = {
	};
	objectVersion = 50;
	objects = {

/* Begin PBXBuildFile section */
		198B312C2195634500FB7433 /* AppDelegate.swift in Sources */ = {isa = PBXBuildFile; fileRef = 198B312B2195634500FB7433 /* AppDelegate.swift */; };
		198B312E2195634500FB7433 /* ViewController.swift in Sources */ = {isa = PBXBuildFile; fileRef = 198B312D2195634500FB7433 /* ViewController.swift */; };
		198B31312195634500FB7433 /* Main.storyboard in Resources */ = {isa = PBXBuildFile; fileRef = 198B312F2195634500FB7433 /* Main.storyboard */; };
		198B31332195634500FB7433 /* Assets.xcassets in Resources */ = {isa = PBXBuildFile; fileRef = 198B31322195634500FB7433 /* Assets.xcassets */; };
		198B31362195634500FB7433 /* LaunchScreen.storyboard in Resources */ = {isa = PBXBuildFile; fileRef = 198B31342195634500FB7433 /* LaunchScreen.storyboard */; };
		19BA2FC921A3A78E00170A41 /* JXDirectionButton.swift in Sources */ = {isa = PBXBuildFile; fileRef = 19BA2FC821A3A78D00170A41 /* JXDirectionButton.swift */; };
		19BA2FCC21A3E06500170A41 /* Timer+JXCallback.swift in Sources */ = {isa = PBXBuildFile; fileRef = 19BA2FCB21A3E06500170A41 /* Timer+JXCallback.swift */; };
		19BA2FCF21A3E28A00170A41 /* JXSwiftDefine.swift in Sources */ = {isa = PBXBuildFile; fileRef = 19BA2FCE21A3E28A00170A41 /* JXSwiftDefine.swift */; };
		5503A70B8F8C863FE9FA1EF5 /* Pods_JXKit.framework in Frameworks */ = {isa = PBXBuildFile; fileRef = 8F45CD38280DFB21F6CE5922 /* Pods_JXKit.framework */; };
/* End PBXBuildFile section */

/* Begin PBXFileReference section */
		198B31282195634500FB7433 /* JXKit.app */ = {isa = PBXFileReference; explicitFileType = wrapper.application; includeInIndex = 0; path = JXKit.app; sourceTree = BUILT_PRODUCTS_DIR; };
		198B312B2195634500FB7433 /* AppDelegate.swift */ = {isa = PBXFileReference; lastKnownFileType = sourcecode.swift; path = AppDelegate.swift; sourceTree = "<group>"; };
		198B312D2195634500FB7433 /* ViewController.swift */ = {isa = PBXFileReference; lastKnownFileType = sourcecode.swift; path = ViewController.swift; sourceTree = "<group>"; };
		198B31302195634500FB7433 /* Base */ = {isa = PBXFileReference; lastKnownFileType = file.storyboard; name = Base; path = Base.lproj/Main.storyboard; sourceTree = "<group>"; };
		198B31322195634500FB7433 /* Assets.xcassets */ = {isa = PBXFileReference; lastKnownFileType = folder.assetcatalog; path = Assets.xcassets; sourceTree = "<group>"; };
		198B31352195634500FB7433 /* Base */ = {isa = PBXFileReference; lastKnownFileType = file.storyboard; name = Base; path = Base.lproj/LaunchScreen.storyboard; sourceTree = "<group>"; };
		198B31372195634500FB7433 /* Info.plist */ = {isa = PBXFileReference; lastKnownFileType = text.plist.xml; path = Info.plist; sourceTree = "<group>"; };
		19BA2FC821A3A78D00170A41 /* JXDirectionButton.swift */ = {isa = PBXFileReference; fileEncoding = 4; lastKnownFileType = sourcecode.swift; path = JXDirectionButton.swift; sourceTree = "<group>"; };
		19BA2FCB21A3E06500170A41 /* Timer+JXCallback.swift */ = {isa = PBXFileReference; fileEncoding = 4; lastKnownFileType = sourcecode.swift; path = "Timer+JXCallback.swift"; sourceTree = "<group>"; };
		19BA2FCE21A3E28A00170A41 /* JXSwiftDefine.swift */ = {isa = PBXFileReference; lastKnownFileType = sourcecode.swift; path = JXSwiftDefine.swift; sourceTree = "<group>"; };
		8F45CD38280DFB21F6CE5922 /* Pods_JXKit.framework */ = {isa = PBXFileReference; explicitFileType = wrapper.framework; includeInIndex = 0; path = Pods_JXKit.framework; sourceTree = BUILT_PRODUCTS_DIR; };
		D906E8AC7D49B62DFC4A82E0 /* Pods-JXKit.release.xcconfig */ = {isa = PBXFileReference; includeInIndex = 1; lastKnownFileType = text.xcconfig; name = "Pods-JXKit.release.xcconfig"; path = "Pods/Target Support Files/Pods-JXKit/Pods-JXKit.release.xcconfig"; sourceTree = "<group>"; };
		EE4D505BC7479EA3CC9B4B66 /* Pods-JXKit.debug.xcconfig */ = {isa = PBXFileReference; includeInIndex = 1; lastKnownFileType = text.xcconfig; name = "Pods-JXKit.debug.xcconfig"; path = "Pods/Target Support Files/Pods-JXKit/Pods-JXKit.debug.xcconfig"; sourceTree = "<group>"; };
/* End PBXFileReference section */

/* Begin PBXFrameworksBuildPhase section */
		198B31252195634500FB7433 /* Frameworks */ = {
			isa = PBXFrameworksBuildPhase;
			buildActionMask = 2147483647;
			files = (
				5503A70B8F8C863FE9FA1EF5 /* Pods_JXKit.framework in Frameworks */,
			);
			runOnlyForDeploymentPostprocessing = 0;
		};
/* End PBXFrameworksBuildPhase section */

/* Begin PBXGroup section */
		198B311F2195634500FB7433 = {
			isa = PBXGroup;
			children = (
				198B312A2195634500FB7433 /* JXKit */,
				198B31292195634500FB7433 /* Products */,
				3E453106FB2AB13E1536C491 /* Pods */,
				AC5F8E9C74C5019271BC3A94 /* Frameworks */,
			);
			sourceTree = "<group>";
		};
		198B31292195634500FB7433 /* Products */ = {
			isa = PBXGroup;
			children = (
				198B31282195634500FB7433 /* JXKit.app */,
			);
			name = Products;
			sourceTree = "<group>";
		};
		198B312A2195634500FB7433 /* JXKit */ = {
			isa = PBXGroup;
			children = (
				19BA2FCD21A3E27100170A41 /* Define */,
				19BA2FCA21A3E05400170A41 /* Timer */,
				19BA2FC721A3A78D00170A41 /* JXDirectionButton */,
				198B312B2195634500FB7433 /* AppDelegate.swift */,
				198B312D2195634500FB7433 /* ViewController.swift */,
				198B312F2195634500FB7433 /* Main.storyboard */,
				198B31322195634500FB7433 /* Assets.xcassets */,
				198B31342195634500FB7433 /* LaunchScreen.storyboard */,
				198B31372195634500FB7433 /* Info.plist */,
			);
			path = JXKit;
			sourceTree = "<group>";
		};
		19BA2FC721A3A78D00170A41 /* JXDirectionButton */ = {
			isa = PBXGroup;
			children = (
				19BA2FC821A3A78D00170A41 /* JXDirectionButton.swift */,
			);
			path = JXDirectionButton;
			sourceTree = "<group>";
		};
		19BA2FCA21A3E05400170A41 /* Timer */ = {
			isa = PBXGroup;
			children = (
				19BA2FCB21A3E06500170A41 /* Timer+JXCallback.swift */,
			);
			path = Timer;
			sourceTree = "<group>";
		};
		19BA2FCD21A3E27100170A41 /* Define */ = {
			isa = PBXGroup;
			children = (
				19BA2FCE21A3E28A00170A41 /* JXSwiftDefine.swift */,
			);
			path = Define;
			sourceTree = "<group>";
		};
		3E453106FB2AB13E1536C491 /* Pods */ = {
			isa = PBXGroup;
			children = (
				EE4D505BC7479EA3CC9B4B66 /* Pods-JXKit.debug.xcconfig */,
				D906E8AC7D49B62DFC4A82E0 /* Pods-JXKit.release.xcconfig */,
			);
			name = Pods;
			sourceTree = "<group>";
		};
		AC5F8E9C74C5019271BC3A94 /* Frameworks */ = {
			isa = PBXGroup;
			children = (
				8F45CD38280DFB21F6CE5922 /* Pods_JXKit.framework */,
			);
			name = Frameworks;
			sourceTree = "<group>";
		};
/* End PBXGroup section */

/* Begin PBXNativeTarget section */
		198B31272195634500FB7433 /* JXKit */ = {
			isa = PBXNativeTarget;
			buildConfigurationList = 198B313A2195634500FB7433 /* Build configuration list for PBXNativeTarget "JXKit" */;
			buildPhases = (
				BEB3AD8FC7E34196613B5900 /* [CP] Check Pods Manifest.lock */,
				198B31242195634500FB7433 /* Sources */,
				198B31252195634500FB7433 /* Frameworks */,
				198B31262195634500FB7433 /* Resources */,
				F32BAA960292DA64A442F9E4 /* [CP] Embed Pods Frameworks */,
			);
			buildRules = (
			);
			dependencies = (
			);
			name = JXKit;
			productName = JXKit;
			productReference = 198B31282195634500FB7433 /* JXKit.app */;
			productType = "com.apple.product-type.application";
		};
/* End PBXNativeTarget section */

/* Begin PBXProject section */
		198B31202195634500FB7433 /* Project object */ = {
			isa = PBXProject;
			attributes = {
				LastSwiftUpdateCheck = 1000;
				LastUpgradeCheck = 1000;
				ORGANIZATIONNAME = jiaxin;
				TargetAttributes = {
					198B31272195634500FB7433 = {
						CreatedOnToolsVersion = 10.0;
					};
				};
			};
			buildConfigurationList = 198B31232195634500FB7433 /* Build configuration list for PBXProject "JXKit" */;
			compatibilityVersion = "Xcode 9.3";
			developmentRegion = en;
			hasScannedForEncodings = 0;
			knownRegions = (
				en,
				Base,
			);
			mainGroup = 198B311F2195634500FB7433;
			productRefGroup = 198B31292195634500FB7433 /* Products */;
			projectDirPath = "";
			projectRoot = "";
			targets = (
				198B31272195634500FB7433 /* JXKit */,
			);
		};
/* End PBXProject section */

/* Begin PBXResourcesBuildPhase section */
		198B31262195634500FB7433 /* Resources */ = {
			isa = PBXResourcesBuildPhase;
			buildActionMask = 2147483647;
			files = (
				198B31362195634500FB7433 /* LaunchScreen.storyboard in Resources */,
				198B31332195634500FB7433 /* Assets.xcassets in Resources */,
				198B31312195634500FB7433 /* Main.storyboard in Resources */,
			);
			runOnlyForDeploymentPostprocessing = 0;
		};
/* End PBXResourcesBuildPhase section */

/* Begin PBXShellScriptBuildPhase section */
		BEB3AD8FC7E34196613B5900 /* [CP] Check Pods Manifest.lock */ = {
			isa = PBXShellScriptBuildPhase;
			buildActionMask = 2147483647;
			files = (
			);
			inputFileListPaths = (
			);
			inputPaths = (
				"${PODS_PODFILE_DIR_PATH}/Podfile.lock",
				"${PODS_ROOT}/Manifest.lock",
			);
			name = "[CP] Check Pods Manifest.lock";
			outputFileListPaths = (
			);
			outputPaths = (
				"$(DERIVED_FILE_DIR)/Pods-JXKit-checkManifestLockResult.txt",
			);
			runOnlyForDeploymentPostprocessing = 0;
			shellPath = /bin/sh;
			shellScript = "diff \"${PODS_PODFILE_DIR_PATH}/Podfile.lock\" \"${PODS_ROOT}/Manifest.lock\" > /dev/null\nif [ $? != 0 ] ; then\n    # print error to STDERR\n    echo \"error: The sandbox is not in sync with the Podfile.lock. Run 'pod install' or update your CocoaPods installation.\" >&2\n    exit 1\nfi\n# This output is used by Xcode 'outputs' to avoid re-running this script phase.\necho \"SUCCESS\" > \"${SCRIPT_OUTPUT_FILE_0}\"\n";
			showEnvVarsInLog = 0;
		};
		F32BAA960292DA64A442F9E4 /* [CP] Embed Pods Frameworks */ = {
			isa = PBXShellScriptBuildPhase;
			buildActionMask = 2147483647;
			files = (
			);
			inputFileListPaths = (
			);
			inputPaths = (
				"${SRCROOT}/Pods/Target Support Files/Pods-JXKit/Pods-JXKit-frameworks.sh",
				"${BUILT_PRODUCTS_DIR}/JXBottomSheetView/JXBottomSheetView.framework",
				"${BUILT_PRODUCTS_DIR}/JXCategoryView/JXCategoryView.framework",
				"${BUILT_PRODUCTS_DIR}/JXGradientKit/JXGradientKit.framework",
				"${BUILT_PRODUCTS_DIR}/JXMarqueeView/JXMarqueeView.framework",
				"${BUILT_PRODUCTS_DIR}/JXMovableCellTableView/JXMovableCellTableView.framework",
				"${BUILT_PRODUCTS_DIR}/JXPagingView/JXPagingView.framework",
				"${BUILT_PRODUCTS_DIR}/JXPopupView/JXPopupView.framework",
			);
			name = "[CP] Embed Pods Frameworks";
			outputFileListPaths = (
			);
			outputPaths = (
				"${TARGET_BUILD_DIR}/${FRAMEWORKS_FOLDER_PATH}/JXBottomSheetView.framework",
				"${TARGET_BUILD_DIR}/${FRAMEWORKS_FOLDER_PATH}/JXCategoryView.framework",
				"${TARGET_BUILD_DIR}/${FRAMEWORKS_FOLDER_PATH}/JXGradientKit.framework",
				"${TARGET_BUILD_DIR}/${FRAMEWORKS_FOLDER_PATH}/JXMarqueeView.framework",
				"${TARGET_BUILD_DIR}/${FRAMEWORKS_FOLDER_PATH}/JXMovableCellTableView.framework",
				"${TARGET_BUILD_DIR}/${FRAMEWORKS_FOLDER_PATH}/JXPagingView.framework",
				"${TARGET_BUILD_DIR}/${FRAMEWORKS_FOLDER_PATH}/JXPopupView.framework",
			);
			runOnlyForDeploymentPostprocessing = 0;
			shellPath = /bin/sh;
			shellScript = "\"${SRCROOT}/Pods/Target Support Files/Pods-JXKit/Pods-JXKit-frameworks.sh\"\n";
			showEnvVarsInLog = 0;
		};
/* End PBXShellScriptBuildPhase section */

/* Begin PBXSourcesBuildPhase section */
		198B31242195634500FB7433 /* Sources */ = {
			isa = PBXSourcesBuildPhase;
			buildActionMask = 2147483647;
			files = (
				198B312E2195634500FB7433 /* ViewController.swift in Sources */,
				19BA2FC921A3A78E00170A41 /* JXDirectionButton.swift in Sources */,
				19BA2FCF21A3E28A00170A41 /* JXSwiftDefine.swift in Sources */,
				198B312C2195634500FB7433 /* AppDelegate.swift in Sources */,
				19BA2FCC21A3E06500170A41 /* Timer+JXCallback.swift in Sources */,
			);
			runOnlyForDeploymentPostprocessing = 0;
		};
/* End PBXSourcesBuildPhase section */

/* Begin PBXVariantGroup section */
		198B312F2195634500FB7433 /* Main.storyboard */ = {
			isa = PBXVariantGroup;
			children = (
				198B31302195634500FB7433 /* Base */,
			);
			name = Main.storyboard;
			sourceTree = "<group>";
		};
		198B31342195634500FB7433 /* LaunchScreen.storyboard */ = {
			isa = PBXVariantGroup;
			children = (
				198B31352195634500FB7433 /* Base */,
			);
			name = LaunchScreen.storyboard;
			sourceTree = "<group>";
		};
/* End PBXVariantGroup section */

/* Begin XCBuildConfiguration section */
		198B31382195634500FB7433 /* Debug */ = {
			isa = XCBuildConfiguration;
			buildSettings = {
				ALWAYS_SEARCH_USER_PATHS = NO;
				CLANG_ANALYZER_NONNULL = YES;
				CLANG_ANALYZER_NUMBER_OBJECT_CONVERSION = YES_AGGRESSIVE;
				CLANG_CXX_LANGUAGE_STANDARD = "gnu++14";
				CLANG_CXX_LIBRARY = "libc++";
				CLANG_ENABLE_MODULES = YES;
				CLANG_ENABLE_OBJC_ARC = YES;
				CLANG_ENABLE_OBJC_WEAK = YES;
				CLANG_WARN_BLOCK_CAPTURE_AUTORELEASING = YES;
				CLANG_WARN_BOOL_CONVERSION = YES;
				CLANG_WARN_COMMA = YES;
				CLANG_WARN_CONSTANT_CONVERSION = YES;
				CLANG_WARN_DEPRECATED_OBJC_IMPLEMENTATIONS = YES;
				CLANG_WARN_DIRECT_OBJC_ISA_USAGE = YES_ERROR;
				CLANG_WARN_DOCUMENTATION_COMMENTS = YES;
				CLANG_WARN_EMPTY_BODY = YES;
				CLANG_WARN_ENUM_CONVERSION = YES;
				CLANG_WARN_INFINITE_RECURSION = YES;
				CLANG_WARN_INT_CONVERSION = YES;
				CLANG_WARN_NON_LITERAL_NULL_CONVERSION = YES;
				CLANG_WARN_OBJC_IMPLICIT_RETAIN_SELF = YES;
				CLANG_WARN_OBJC_LITERAL_CONVERSION = YES;
				CLANG_WARN_OBJC_ROOT_CLASS = YES_ERROR;
				CLANG_WARN_RANGE_LOOP_ANALYSIS = YES;
				CLANG_WARN_STRICT_PROTOTYPES = YES;
				CLANG_WARN_SUSPICIOUS_MOVE = YES;
				CLANG_WARN_UNGUARDED_AVAILABILITY = YES_AGGRESSIVE;
				CLANG_WARN_UNREACHABLE_CODE = YES;
				CLANG_WARN__DUPLICATE_METHOD_MATCH = YES;
				CODE_SIGN_IDENTITY = "iPhone Developer";
				COPY_PHASE_STRIP = NO;
				DEBUG_INFORMATION_FORMAT = dwarf;
				ENABLE_STRICT_OBJC_MSGSEND = YES;
				ENABLE_TESTABILITY = YES;
				GCC_C_LANGUAGE_STANDARD = gnu11;
				GCC_DYNAMIC_NO_PIC = NO;
				GCC_NO_COMMON_BLOCKS = YES;
				GCC_OPTIMIZATION_LEVEL = 0;
				GCC_PREPROCESSOR_DEFINITIONS = (
					"DEBUG=1",
					"$(inherited)",
				);
				GCC_WARN_64_TO_32_BIT_CONVERSION = YES;
				GCC_WARN_ABOUT_RETURN_TYPE = YES_ERROR;
				GCC_WARN_UNDECLARED_SELECTOR = YES;
				GCC_WARN_UNINITIALIZED_AUTOS = YES_AGGRESSIVE;
				GCC_WARN_UNUSED_FUNCTION = YES;
				GCC_WARN_UNUSED_VARIABLE = YES;
				IPHONEOS_DEPLOYMENT_TARGET = 12.0;
				MTL_ENABLE_DEBUG_INFO = INCLUDE_SOURCE;
				MTL_FAST_MATH = YES;
				ONLY_ACTIVE_ARCH = YES;
				SDKROOT = iphoneos;
				SWIFT_ACTIVE_COMPILATION_CONDITIONS = DEBUG;
				SWIFT_OPTIMIZATION_LEVEL = "-Onone";
			};
			name = Debug;
		};
		198B31392195634500FB7433 /* Release */ = {
			isa = XCBuildConfiguration;
			buildSettings = {
				ALWAYS_SEARCH_USER_PATHS = NO;
				CLANG_ANALYZER_NONNULL = YES;
				CLANG_ANALYZER_NUMBER_OBJECT_CONVERSION = YES_AGGRESSIVE;
				CLANG_CXX_LANGUAGE_STANDARD = "gnu++14";
				CLANG_CXX_LIBRARY = "libc++";
				CLANG_ENABLE_MODULES = YES;
				CLANG_ENABLE_OBJC_ARC = YES;
				CLANG_ENABLE_OBJC_WEAK = YES;
				CLANG_WARN_BLOCK_CAPTURE_AUTORELEASING = YES;
				CLANG_WARN_BOOL_CONVERSION = YES;
				CLANG_WARN_COMMA = YES;
				CLANG_WARN_CONSTANT_CONVERSION = YES;
				CLANG_WARN_DEPRECATED_OBJC_IMPLEMENTATIONS = YES;
				CLANG_WARN_DIRECT_OBJC_ISA_USAGE = YES_ERROR;
				CLANG_WARN_DOCUMENTATION_COMMENTS = YES;
				CLANG_WARN_EMPTY_BODY = YES;
				CLANG_WARN_ENUM_CONVERSION = YES;
				CLANG_WARN_INFINITE_RECURSION = YES;
				CLANG_WARN_INT_CONVERSION = YES;
				CLANG_WARN_NON_LITERAL_NULL_CONVERSION = YES;
				CLANG_WARN_OBJC_IMPLICIT_RETAIN_SELF = YES;
				CLANG_WARN_OBJC_LITERAL_CONVERSION = YES;
				CLANG_WARN_OBJC_ROOT_CLASS = YES_ERROR;
				CLANG_WARN_RANGE_LOOP_ANALYSIS = YES;
				CLANG_WARN_STRICT_PROTOTYPES = YES;
				CLANG_WARN_SUSPICIOUS_MOVE = YES;
				CLANG_WARN_UNGUARDED_AVAILABILITY = YES_AGGRESSIVE;
				CLANG_WARN_UNREACHABLE_CODE = YES;
				CLANG_WARN__DUPLICATE_METHOD_MATCH = YES;
				CODE_SIGN_IDENTITY = "iPhone Developer";
				COPY_PHASE_STRIP = NO;
				DEBUG_INFORMATION_FORMAT = "dwarf-with-dsym";
				ENABLE_NS_ASSERTIONS = NO;
				ENABLE_STRICT_OBJC_MSGSEND = YES;
				GCC_C_LANGUAGE_STANDARD = gnu11;
				GCC_NO_COMMON_BLOCKS = YES;
				GCC_WARN_64_TO_32_BIT_CONVERSION = YES;
				GCC_WARN_ABOUT_RETURN_TYPE = YES_ERROR;
				GCC_WARN_UNDECLARED_SELECTOR = YES;
				GCC_WARN_UNINITIALIZED_AUTOS = YES_AGGRESSIVE;
				GCC_WARN_UNUSED_FUNCTION = YES;
				GCC_WARN_UNUSED_VARIABLE = YES;
				IPHONEOS_DEPLOYMENT_TARGET = 12.0;
				MTL_ENABLE_DEBUG_INFO = NO;
				MTL_FAST_MATH = YES;
				SDKROOT = iphoneos;
				SWIFT_COMPILATION_MODE = wholemodule;
				SWIFT_OPTIMIZATION_LEVEL = "-O";
				VALIDATE_PRODUCT = YES;
			};
			name = Release;
		};
		198B313B2195634500FB7433 /* Debug */ = {
			isa = XCBuildConfiguration;
			baseConfigurationReference = EE4D505BC7479EA3CC9B4B66 /* Pods-JXKit.debug.xcconfig */;
			buildSettings = {
				ASSETCATALOG_COMPILER_APPICON_NAME = AppIcon;
				CODE_SIGN_STYLE = Automatic;
				INFOPLIST_FILE = JXKit/Info.plist;
				LD_RUNPATH_SEARCH_PATHS = (
					"$(inherited)",
					"@executable_path/Frameworks",
				);
				PRODUCT_BUNDLE_IDENTIFIER = jiaxin.JXKit;
				PRODUCT_NAME = "$(TARGET_NAME)";
				SWIFT_VERSION = 4.2;
				TARGETED_DEVICE_FAMILY = "1,2";
			};
			name = Debug;
		};
		198B313C2195634500FB7433 /* Release */ = {
			isa = XCBuildConfiguration;
			baseConfigurationReference = D906E8AC7D49B62DFC4A82E0 /* Pods-JXKit.release.xcconfig */;
			buildSettings = {
				ASSETCATALOG_COMPILER_APPICON_NAME = AppIcon;
				CODE_SIGN_STYLE = Automatic;
				INFOPLIST_FILE = JXKit/Info.plist;
				LD_RUNPATH_SEARCH_PATHS = (
					"$(inherited)",
					"@executable_path/Frameworks",
				);
				PRODUCT_BUNDLE_IDENTIFIER = jiaxin.JXKit;
				PRODUCT_NAME = "$(TARGET_NAME)";
				SWIFT_VERSION = 4.2;
				TARGETED_DEVICE_FAMILY = "1,2";
			};
			name = Release;
		};
/* End XCBuildConfiguration section */

/* Begin XCConfigurationList section */
		198B31232195634500FB7433 /* Build configuration list for PBXProject "JXKit" */ = {
			isa = XCConfigurationList;
			buildConfigurations = (
				198B31382195634500FB7433 /* Debug */,
				198B31392195634500FB7433 /* Release */,
			);
			defaultConfigurationIsVisible = 0;
			defaultConfigurationName = Release;
		};
		198B313A2195634500FB7433 /* Build configuration list for PBXNativeTarget "JXKit" */ = {
			isa = XCConfigurationList;
			buildConfigurations = (
				198B313B2195634500FB7433 /* Debug */,
				198B313C2195634500FB7433 /* Release */,
			);
			defaultConfigurationIsVisible = 0;
			defaultConfigurationName = Release;
		};
/* End XCConfigurationList section */
	};
	rootObject = 198B31202195634500FB7433 /* Project object */;
}
